
Microsoft Visual Studio Solution File, Format Version 12.00
# Visual Studio Version 17
VisualStudioVersion = 17.8.34525.116
MinimumVisualStudioVersion = 10.0.40219.1
Project("{FAE04EC0-301F-11D3-BF4B-00C04F79EFBC}") = "CalculateBitrates", "CalculateBitrates.csproj", "{317A366C-BCFB-45D4-9C83-9AAAE30A63EA}"
EndProject
Global
	GlobalSection(SolutionConfigurationPlatforms) = preSolution
		Debug|Any CPU = Debug|Any CPU
		Release|Any CPU = Release|Any CPU
	EndGlobalSection
	GlobalSection(ProjectConfigurationPlatforms) = postSolution
		{317A366C-BCFB-45D4-9C83-9AAAE30A63EA}.Debug|Any CPU.ActiveCfg = Debug|Any CPU
		{317A366C-BCFB-45D4-9C83-9AAAE30A63EA}.Debug|Any CPU.Build.0 = Debug|Any CPU
		{317A366C-BCFB-45D4-9C83-9AAAE30A63EA}.Release|Any CPU.ActiveCfg = Release|Any CPU
		{317A366C-BCFB-45D4-9C83-9AAAE30A63EA}.Release|Any CPU.Build.0 = Release|Any CPU
	EndGlobalSection
	GlobalSection(SolutionProperties) = preSolution
		HideSolutionNode = FALSE
	EndGlobalSection
	GlobalSection(ExtensibilityGlobals) = postSolution
		SolutionGuid = {E4489A5F-6F83-4B03-A802-C1E747A011CC}
	EndGlobalSection
EndGlobal
